
Microsoft Visual Studio Solution File, Format Version 11.00
# Visual Studio 2010
Project("{FAE04EC0-301F-11D3-BF4B-00C04F79EFBC}") = "WindowsApplication1", "WindowsApplication1\WindowsApplication1.csproj", "{20E895FE-4EB9-4541-A078-99D8B9285573}"
EndProject
Project("{FAE04EC0-301F-11D3-BF4B-00C04F79EFBC}") = "BO", "BO\BO.csproj", "{74DC343B-6B70-4676-A53F-6CE818EA30D1}"
EndProject
Global
	GlobalSection(SolutionConfigurationPlatforms) = preSolution
		Debug|Any CPU = Debug|Any CPU
		Release|Any CPU = Release|Any CPU
	EndGlobalSection
	GlobalSection(ProjectConfigurationPlatforms) = postSolution
		{20E895FE-4EB9-4541-A078-99D8B9285573}.Debug|Any CPU.ActiveCfg = Debug|Any CPU
		{20E895FE-4EB9-4541-A078-99D8B9285573}.Debug|Any CPU.Build.0 = Debug|Any CPU
		{20E895FE-4EB9-4541-A078-99D8B9285573}.Release|Any CPU.ActiveCfg = Release|Any CPU
		{20E895FE-4EB9-4541-A078-99D8B9285573}.Release|Any CPU.Build.0 = Release|Any CPU
		{74DC343B-6B70-4676-A53F-6CE818EA30D1}.Debug|Any CPU.ActiveCfg = Debug|Any CPU
		{74DC343B-6B70-4676-A53F-6CE818EA30D1}.Debug|Any CPU.Build.0 = Debug|Any CPU
		{74DC343B-6B70-4676-A53F-6CE818EA30D1}.Release|Any CPU.ActiveCfg = Release|Any CPU
		{74DC343B-6B70-4676-A53F-6CE818EA30D1}.Release|Any CPU.Build.0 = Release|Any CPU
	EndGlobalSection
	GlobalSection(SolutionProperties) = preSolution
		HideSolutionNode = FALSE
	EndGlobalSection
EndGlobal
